
Microsoft Visual Studio Solution File, Format Version 12.00
# Visual Studio 2017
Project("{FAE04EC0-301F-11D3-BF4B-00C04F79EFBC}") = "Robot Striker", "Robot Striker.csproj", "{0662A034-A365-F576-8FB4-ECB482943BBB}"
EndProject
Project("{FAE04EC0-301F-11D3-BF4B-00C04F79EFBC}") = "Robot Striker.Editor", "Robot Striker.Editor.csproj", "{4A589EF7-B07B-98B4-4433-A2DB5AAC0570}"
EndProject
Global
	GlobalSection(SolutionConfigurationPlatforms) = preSolution
		Debug|Any CPU = Debug|Any CPU
		Release|Any CPU = Release|Any CPU
	EndGlobalSection
	GlobalSection(ProjectConfigurationPlatforms) = postSolution
		{0662A034-A365-F576-8FB4-ECB482943BBB}.Debug|Any CPU.ActiveCfg = Debug|Any CPU
		{0662A034-A365-F576-8FB4-ECB482943BBB}.Debug|Any CPU.Build.0 = Debug|Any CPU
		{0662A034-A365-F576-8FB4-ECB482943BBB}.Release|Any CPU.ActiveCfg = Release|Any CPU
		{0662A034-A365-F576-8FB4-ECB482943BBB}.Release|Any CPU.Build.0 = Release|Any CPU
		{4A589EF7-B07B-98B4-4433-A2DB5AAC0570}.Debug|Any CPU.ActiveCfg = Debug|Any CPU
		{4A589EF7-B07B-98B4-4433-A2DB5AAC0570}.Debug|Any CPU.Build.0 = Debug|Any CPU
		{4A589EF7-B07B-98B4-4433-A2DB5AAC0570}.Release|Any CPU.ActiveCfg = Release|Any CPU
		{4A589EF7-B07B-98B4-4433-A2DB5AAC0570}.Release|Any CPU.Build.0 = Release|Any CPU
	EndGlobalSection
	GlobalSection(SolutionProperties) = preSolution
		HideSolutionNode = FALSE
	EndGlobalSection
EndGlobal
